
Microsoft Visual Studio Solution File, Format Version 12.00
# Visual Studio Version 17
VisualStudioVersion = 17.1.32210.238
MinimumVisualStudioVersion = 10.0.40219.1
Project("{9A19103F-16F7-4668-BE54-9A1E7A4F7556}") = "Implementation1", "Implementation1\Implementation1.csproj", "{757D81F4-54FA-4CDA-9ADA-9AF1A3D44BA8}"
EndProject
Project("{FAE04EC0-301F-11D3-BF4B-00C04F79EFBC}") = "Implementation1.Tests", "Implementation1.Tests\Implementation1.Tests.csproj", "{A2C5C52A-9C8F-4DE2-92D3-BE9FDDA9BB4D}"
EndProject
Project("{FAE04EC0-301F-11D3-BF4B-00C04F79EFBC}") = "SharedLibrary", "..\Shared\SharedLibrary\SharedLibrary.csproj", "{7CCE7FE8-F854-43AA-9C32-54C91A5FB857}"
EndProject
Global
	GlobalSection(SolutionConfigurationPlatforms) = preSolution
		Debug|Any CPU = Debug|Any CPU
		Release|Any CPU = Release|Any CPU
	EndGlobalSection
	GlobalSection(ProjectConfigurationPlatforms) = postSolution
		{757D81F4-54FA-4CDA-9ADA-9AF1A3D44BA8}.Debug|Any CPU.ActiveCfg = Debug|Any CPU
		{757D81F4-54FA-4CDA-9ADA-9AF1A3D44BA8}.Debug|Any CPU.Build.0 = Debug|Any CPU
		{757D81F4-54FA-4CDA-9ADA-9AF1A3D44BA8}.Release|Any CPU.ActiveCfg = Release|Any CPU
		{757D81F4-54FA-4CDA-9ADA-9AF1A3D44BA8}.Release|Any CPU.Build.0 = Release|Any CPU
		{A2C5C52A-9C8F-4DE2-92D3-BE9FDDA9BB4D}.Debug|Any CPU.ActiveCfg = Debug|Any CPU
		{A2C5C52A-9C8F-4DE2-92D3-BE9FDDA9BB4D}.Debug|Any CPU.Build.0 = Debug|Any CPU
		{A2C5C52A-9C8F-4DE2-92D3-BE9FDDA9BB4D}.Release|Any CPU.ActiveCfg = Release|Any CPU
		{A2C5C52A-9C8F-4DE2-92D3-BE9FDDA9BB4D}.Release|Any CPU.Build.0 = Release|Any CPU
		{7CCE7FE8-F854-43AA-9C32-54C91A5FB857}.Debug|Any CPU.ActiveCfg = Debug|Any CPU
		{7CCE7FE8-F854-43AA-9C32-54C91A5FB857}.Debug|Any CPU.Build.0 = Debug|Any CPU
		{7CCE7FE8-F854-43AA-9C32-54C91A5FB857}.Release|Any CPU.ActiveCfg = Release|Any CPU
		{7CCE7FE8-F854-43AA-9C32-54C91A5FB857}.Release|Any CPU.Build.0 = Release|Any CPU
	EndGlobalSection
	GlobalSection(SolutionProperties) = preSolution
		HideSolutionNode = FALSE
	EndGlobalSection
	GlobalSection(ExtensibilityGlobals) = postSolution
		SolutionGuid = {3393D344-D24D-43BB-88EF-89ACBE1F8ED6}
	EndGlobalSection
EndGlobal
